name: hmm-discovery
channels:
  - conda-forge
  - bioconda
  - defaults
dependencies:
  - _openmp_mutex=4.5
  - aria2=1.37.0
  - bzip2=1.0.8
  - c-ares=1.34.6
  - ca-certificates=2026.6.17
  - cd-hit=4.8.1
  - curl=8.20.0
  - expat=2.8.1
  - gawk=5.4.0
  - ghostscript=10.07.1
  - git=2.54.0
  - gmp=6.3.0
  - gsl=2.7
  - hmmer=3.4
  - icu=75.1
  - iqtree=3.1.2
  - keyutils=1.6.3
  - krb5=1.22.2
  - ld_impl_linux-64=2.45.1
  - libasprintf=0.25.1
  - libblas=3.11.0
  - libcblas=3.11.0
  - libcurl=8.20.0
  - libedit=3.1.20250104
  - libev=4.33
  - libexpat=2.8.1
  - libffi=3.5.2
  - libgcc=15.2.0
  - libgcc-ng=15.2.0
  - libgettextpo=0.25.1
  - libgfortran=15.2.0
  - libgfortran-ng=15.2.0
  - libgfortran5=15.2.0
  - libgomp=15.2.0
  - libiconv=1.18
  - liblzma=5.8.3
  - libnghttp2=1.68.1
  - libnsl=2.0.1
  - libopenblas=0.3.33
  - libsqlite=3.53.2
  - libssh2=1.11.1
  - libstdcxx=15.2.0
  - libstdcxx-ng=15.2.0
  - libuuid=2.42.2
  - libxcrypt=4.4.36
  - libxml2=2.13.9
  - libxslt=1.1.43
  - libzlib=1.3.2
  - mafft=7.526
  - meme=5.5.9
  - mmseqs2=18.8cc5c
  - mpfr=4.2.2
  - mpi=1.0
  - ncurses=6.6
  - openmpi=4.1.6
  - openssl=3.6.3
  - packaging=26.2
  - pcre2=10.47
  - perl=5.32.1
  - perl-app-cpanminus=1.7048
  - perl-b-cow=0.007
  - perl-base=2.23
  - perl-business-isbn=3.007
  - perl-business-isbn-data=20210112.006
  - perl-carp=1.50
  - perl-cgi=4.72
  - perl-clone=0.46
  - perl-common-sense=3.75
  - perl-compress-raw-bzip2=2.214
  - perl-compress-raw-zlib=2.214
  - perl-config-general=2.67
  - perl-constant=1.33
  - perl-dbi=1.647
  - perl-digest-md5=2.59
  - perl-encode=3.24
  - perl-encode-locale=1.05
  - perl-exporter=5.74
  - perl-extutils-makemaker=7.70
  - perl-file-path=2.18
  - perl-file-spec=3.48_01
  - perl-file-temp=0.2304
  - perl-file-which=1.24
  - perl-html-parser=3.83
  - perl-html-tagset=3.24
  - perl-html-template=2.97
  - perl-html-tree=5.07
  - perl-http-date=6.06
  - perl-http-message=7.02
  - perl-inc-latest=0.500
  - perl-io-html=1.004
  - perl-json=4.11
  - perl-json-xs=4.04
  - perl-log-log4perl=1.56
  - perl-lwp-mediatypes=6.04
  - perl-math-cdf=0.1
  - perl-mime-base64=3.16
  - perl-module-build=0.4234
  - perl-parent=0.243
  - perl-pathtools=3.75
  - perl-scalar-list-utils=1.70
  - perl-storable=3.15
  - perl-sys-info=0.7811
  - perl-sys-info-base=0.7807
  - perl-sys-info-driver-linux=0.7911
  - perl-test-fatal=0.016
  - perl-test-needs=0.002009
  - perl-test-nowarnings=1.06
  - perl-test-warnings=0.031
  - perl-text-template-simple=0.91
  - perl-time-local=1.35
  - perl-timedate=2.35
  - perl-try-tiny=0.31
  - perl-types-serialiser=1.01
  - perl-unix-processors=2.046
  - perl-uri=5.17
  - perl-url-encode=0.03
  - perl-xml-namespacesupport=1.12
  - perl-xml-parser=2.44_01
  - perl-xml-sax=1.02
  - perl-xml-sax-base=1.09
  - perl-xml-sax-expat=0.51
  - perl-xml-simple=2.25
  - perl-yaml=1.30
  - pip=26.1.2
  - prodigal=2.6.3
  - python=3.12.13
  - readline=8.3
  - seqkit=2.13.0
  - setuptools=82.0.1
  - tk=8.6.13
  - trimal=1.5.1
  - wheel=0.47.0
  - zlib=1.3.2
  - zstd=1.5.7
  - pip:
      - aiofiles==25.1.0
      - aiohappyeyeballs==2.6.2
      - aiohttp==3.14.1
      - aiosignal==1.4.0
      - annotated-types==0.7.0
      - anyio==4.14.0
      - argcomplete==3.6.3
      - argh==0.31.3
      - arrow==1.4.0
      - asgiref==3.11.1
      - attrs==26.1.0
      - biopython==1.87
      - certifi==2026.6.17
      - charset-normalizer==3.4.7
      - choreographer==1.3.0
      - click==8.4.1
      - clinker==0.0.32
      - contourpy==1.3.3
      - custom-inherit==2.4.1
      - cycler==0.12.1
      - disjoint-set==0.9.0
      - et-xmlfile==2.0.0
      - faicons==0.2.2
      - fonttools==4.63.0
      - frozenlist==1.8.0
      - gffutils==0.14
      - greenlet==3.5.2
      - h11==0.16.0
      - htmltools==0.7.0
      - idna==3.18
      - jinja2==3.1.6
      - kaleido==1.3.0
      - kiwisolver==1.5.0
      - linkify-it-py==2.1.0
      - logistro==2.0.1
      - loguru==0.7.3
      - markdown-it-py==4.2.0
      - markupsafe==3.0.3
      - matplotlib==3.11.0
      - mdit-py-plugins==0.6.1
      - mdurl==0.1.2
      - multidict==6.7.1
      - multipledispatch==1.0.0
      - narwhals==2.22.1
      - numpy==2.4.6
      - openpyxl==3.1.5
      - opentelemetry-api==1.42.1
      - orjson==3.11.9
      - pandas==3.0.3
      - pillow==12.2.0
      - platformdirs==4.10.0
      - playwright==1.60.0
      - plotly==6.8.0
      - prompt-toolkit==3.0.52
      - propcache==0.5.2
      - pydantic==2.13.4
      - pydantic-core==2.46.4
      - pyee==13.0.1
      - pyfaidx==0.9.0.4
      - pygenomeviz==1.7.0
      - pyparsing==3.3.2
      - pypng==0.20220715.0
      - python-dateutil==2.9.0.post0
      - python-multipart==0.0.32
      - questionary==2.1.1
      - reportlab==5.0.0
      - requests==2.34.2
      - scipy==1.18.0
      - shiny==1.6.3
      - shinychat==0.5.1
      - shinyswatch==0.11.0
      - simplejson==4.1.1
      - six==1.17.0
      - starlette==1.3.1
      - toyplot==2.1.0
      - toytree==3.0.10
      - typing-extensions==4.15.0
      - typing-inspection==0.4.2
      - tzdata==2026.2
      - uc-micro-py==2.0.0
      - urllib3==1.26.20
      - uvicorn==0.49.0
      - watchfiles==1.2.0
      - wcwidth==0.8.1
      - websockets==16.0
      - yarl==1.24.2
